
Microsoft Visual Studio Solution File, Format Version 12.00
# Visual Studio Version 17
VisualStudioVersion = 17.14.36310.24 d17.14
MinimumVisualStudioVersion = 10.0.40219.1
Project("{FAE04EC0-301F-11D3-BF4B-00C04F79EFBC}") = "OopsExample", "OopsExample\OopsExample.csproj", "{58B69862-BFE4-4155-8686-BD38772BEEAC}"
EndProject
Global
	GlobalSection(SolutionConfigurationPlatforms) = preSolution
		Debug|Any CPU = Debug|Any CPU
		Release|Any CPU = Release|Any CPU
	EndGlobalSection
	GlobalSection(ProjectConfigurationPlatforms) = postSolution
		{58B69862-BFE4-4155-8686-BD38772BEEAC}.Debug|Any CPU.ActiveCfg = Debug|Any CPU
		{58B69862-BFE4-4155-8686-BD38772BEEAC}.Debug|Any CPU.Build.0 = Debug|Any CPU
		{58B69862-BFE4-4155-8686-BD38772BEEAC}.Release|Any CPU.ActiveCfg = Release|Any CPU
		{58B69862-BFE4-4155-8686-BD38772BEEAC}.Release|Any CPU.Build.0 = Release|Any CPU
	EndGlobalSection
	GlobalSection(SolutionProperties) = preSolution
		HideSolutionNode = FALSE
	EndGlobalSection
	GlobalSection(ExtensibilityGlobals) = postSolution
		SolutionGuid = {3A3B82C4-947A-47E3-8FA8-6AF0D86BEF79}
	EndGlobalSection
EndGlobal
